// !$*UTF8*$!
{
	archiveVersion = 1;
	classes = {
	};
	objectVersion = 50;
	objects = {

/* Begin PBXBuildFile section */
		F899EB6D23876088004570C7 /* PhoneTextFieldTests.swift in Sources */ = {isa = PBXBuildFile; fileRef = F899EB6C23876088004570C7 /* PhoneTextFieldTests.swift */; };
		F8D9D99A2387479C002F652C /* PhoneTextField.swift in Sources */ = {isa = PBXBuildFile; fileRef = F8D9D9992387479C002F652C /* PhoneTextField.swift */; };
		F8E8F208238313B2001D3AB2 /* AppDelegate.swift in Sources */ = {isa = PBXBuildFile; fileRef = F8E8F207238313B2001D3AB2 /* AppDelegate.swift */; };
		F8E8F20C238313B2001D3AB2 /* PhoneVC.swift in Sources */ = {isa = PBXBuildFile; fileRef = F8E8F20B238313B2001D3AB2 /* PhoneVC.swift */; };
		F8E8F20F238313B2001D3AB2 /* Main.storyboard in Resources */ = {isa = PBXBuildFile; fileRef = F8E8F20D238313B2001D3AB2 /* Main.storyboard */; };
		F8E8F211238313B3001D3AB2 /* Assets.xcassets in Resources */ = {isa = PBXBuildFile; fileRef = F8E8F210238313B3001D3AB2 /* Assets.xcassets */; };
		F8E8F214238313B3001D3AB2 /* LaunchScreen.storyboard in Resources */ = {isa = PBXBuildFile; fileRef = F8E8F212238313B3001D3AB2 /* LaunchScreen.storyboard */; };
/* End PBXBuildFile section */

/* Begin PBXContainerItemProxy section */
		F8E8F22423836BD3001D3AB2 /* PBXContainerItemProxy */ = {
			isa = PBXContainerItemProxy;
			containerPortal = F8E8F1FC238313B2001D3AB2 /* Project object */;
			proxyType = 1;
			remoteGlobalIDString = F8E8F203238313B2001D3AB2;
			remoteInfo = phoneNumberLab;
		};
/* End PBXContainerItemProxy section */

/* Begin PBXFileReference section */
		F899EB6C23876088004570C7 /* PhoneTextFieldTests.swift */ = {isa = PBXFileReference; lastKnownFileType = sourcecode.swift; path = PhoneTextFieldTests.swift; sourceTree = "<group>"; };
		F8D9D9992387479C002F652C /* PhoneTextField.swift */ = {isa = PBXFileReference; lastKnownFileType = sourcecode.swift; path = PhoneTextField.swift; sourceTree = "<group>"; };
		F8E8F204238313B2001D3AB2 /* phoneNumberLab.app */ = {isa = PBXFileReference; explicitFileType = wrapper.application; includeInIndex = 0; path = phoneNumberLab.app; sourceTree = BUILT_PRODUCTS_DIR; };
		F8E8F207238313B2001D3AB2 /* AppDelegate.swift */ = {isa = PBXFileReference; lastKnownFileType = sourcecode.swift; path = AppDelegate.swift; sourceTree = "<group>"; };
		F8E8F20B238313B2001D3AB2 /* PhoneVC.swift */ = {isa = PBXFileReference; lastKnownFileType = sourcecode.swift; path = PhoneVC.swift; sourceTree = "<group>"; };
		F8E8F20E238313B2001D3AB2 /* Base */ = {isa = PBXFileReference; lastKnownFileType = file.storyboard; name = Base; path = Base.lproj/Main.storyboard; sourceTree = "<group>"; };
		F8E8F210238313B3001D3AB2 /* Assets.xcassets */ = {isa = PBXFileReference; lastKnownFileType = folder.assetcatalog; path = Assets.xcassets; sourceTree = "<group>"; };
		F8E8F213238313B3001D3AB2 /* Base */ = {isa = PBXFileReference; lastKnownFileType = file.storyboard; name = Base; path = Base.lproj/LaunchScreen.storyboard; sourceTree = "<group>"; };
		F8E8F215238313B3001D3AB2 /* Info.plist */ = {isa = PBXFileReference; lastKnownFileType = text.plist.xml; path = Info.plist; sourceTree = "<group>"; };
		F8E8F21F23836BD3001D3AB2 /* phoneNumberLabTests.xctest */ = {isa = PBXFileReference; explicitFileType = wrapper.cfbundle; includeInIndex = 0; path = phoneNumberLabTests.xctest; sourceTree = BUILT_PRODUCTS_DIR; };
		F8E8F22323836BD3001D3AB2 /* Info.plist */ = {isa = PBXFileReference; lastKnownFileType = text.plist.xml; path = Info.plist; sourceTree = "<group>"; };
/* End PBXFileReference section */

/* Begin PBXFrameworksBuildPhase section */
		F8E8F201238313B2001D3AB2 /* Frameworks */ = {
			isa = PBXFrameworksBuildPhase;
			buildActionMask = 2147483647;
			files = (
			);
			runOnlyForDeploymentPostprocessing = 0;
		};
		F8E8F21C23836BD3001D3AB2 /* Frameworks */ = {
			isa = PBXFrameworksBuildPhase;
			buildActionMask = 2147483647;
			files = (
			);
			runOnlyForDeploymentPostprocessing = 0;
		};
/* End PBXFrameworksBuildPhase section */

/* Begin PBXGroup section */
		F8E8F1FB238313B2001D3AB2 = {
			isa = PBXGroup;
			children = (
				F8E8F206238313B2001D3AB2 /* phoneNumberLab */,
				F8E8F22023836BD3001D3AB2 /* phoneNumberLabTests */,
				F8E8F205238313B2001D3AB2 /* Products */,
			);
			sourceTree = "<group>";
		};
		F8E8F205238313B2001D3AB2 /* Products */ = {
			isa = PBXGroup;
			children = (
				F8E8F204238313B2001D3AB2 /* phoneNumberLab.app */,
				F8E8F21F23836BD3001D3AB2 /* phoneNumberLabTests.xctest */,
			);
			name = Products;
			sourceTree = "<group>";
		};
		F8E8F206238313B2001D3AB2 /* phoneNumberLab */ = {
			isa = PBXGroup;
			children = (
				F8E8F207238313B2001D3AB2 /* AppDelegate.swift */,
				F8E8F20B238313B2001D3AB2 /* PhoneVC.swift */,
				F8E8F20D238313B2001D3AB2 /* Main.storyboard */,
				F8E8F210238313B3001D3AB2 /* Assets.xcassets */,
				F8E8F212238313B3001D3AB2 /* LaunchScreen.storyboard */,
				F8E8F215238313B3001D3AB2 /* Info.plist */,
				F8D9D9992387479C002F652C /* PhoneTextField.swift */,
			);
			path = phoneNumberLab;
			sourceTree = "<group>";
		};
		F8E8F22023836BD3001D3AB2 /* phoneNumberLabTests */ = {
			isa = PBXGroup;
			children = (
				F899EB6C23876088004570C7 /* PhoneTextFieldTests.swift */,
				F8E8F22323836BD3001D3AB2 /* Info.plist */,
			);
			path = phoneNumberLabTests;
			sourceTree = "<group>";
		};
/* End PBXGroup section */

/* Begin PBXNativeTarget section */
		F8E8F203238313B2001D3AB2 /* phoneNumberLab */ = {
			isa = PBXNativeTarget;
			buildConfigurationList = F8E8F218238313B3001D3AB2 /* Build configuration list for PBXNativeTarget "phoneNumberLab" */;
			buildPhases = (
				F8E8F200238313B2001D3AB2 /* Sources */,
				F8E8F201238313B2001D3AB2 /* Frameworks */,
				F8E8F202238313B2001D3AB2 /* Resources */,
			);
			buildRules = (
			);
			dependencies = (
			);
			name = phoneNumberLab;
			productName = phoneNumberLab;
			productReference = F8E8F204238313B2001D3AB2 /* phoneNumberLab.app */;
			productType = "com.apple.product-type.application";
		};
		F8E8F21E23836BD3001D3AB2 /* phoneNumberLabTests */ = {
			isa = PBXNativeTarget;
			buildConfigurationList = F8E8F22623836BD3001D3AB2 /* Build configuration list for PBXNativeTarget "phoneNumberLabTests" */;
			buildPhases = (
				F8E8F21B23836BD3001D3AB2 /* Sources */,
				F8E8F21C23836BD3001D3AB2 /* Frameworks */,
				F8E8F21D23836BD3001D3AB2 /* Resources */,
			);
			buildRules = (
			);
			dependencies = (
				F8E8F22523836BD3001D3AB2 /* PBXTargetDependency */,
			);
			name = phoneNumberLabTests;
			productName = phoneNumberLabTests;
			productReference = F8E8F21F23836BD3001D3AB2 /* phoneNumberLabTests.xctest */;
			productType = "com.apple.product-type.bundle.unit-test";
		};
/* End PBXNativeTarget section */

/* Begin PBXProject section */
		F8E8F1FC238313B2001D3AB2 /* Project object */ = {
			isa = PBXProject;
			attributes = {
				LastSwiftUpdateCheck = 1030;
				LastUpgradeCheck = 1030;
				ORGANIZATIONNAME = "Tom Stamm";
				TargetAttributes = {
					F8E8F203238313B2001D3AB2 = {
						CreatedOnToolsVersion = 10.3;
					};
					F8E8F21E23836BD3001D3AB2 = {
						CreatedOnToolsVersion = 10.3;
						TestTargetID = F8E8F203238313B2001D3AB2;
					};
				};
			};
			buildConfigurationList = F8E8F1FF238313B2001D3AB2 /* Build configuration list for PBXProject "phoneNumberLab" */;
			compatibilityVersion = "Xcode 9.3";
			developmentRegion = en;
			hasScannedForEncodings = 0;
			knownRegions = (
				en,
				Base,
			);
			mainGroup = F8E8F1FB238313B2001D3AB2;
			productRefGroup = F8E8F205238313B2001D3AB2 /* Products */;
			projectDirPath = "";
			projectRoot = "";
			targets = (
				F8E8F203238313B2001D3AB2 /* phoneNumberLab */,
				F8E8F21E23836BD3001D3AB2 /* phoneNumberLabTests */,
			);
		};
/* End PBXProject section */

/* Begin PBXResourcesBuildPhase section */
		F8E8F202238313B2001D3AB2 /* Resources */ = {
			isa = PBXResourcesBuildPhase;
			buildActionMask = 2147483647;
			files = (
				F8E8F214238313B3001D3AB2 /* LaunchScreen.storyboard in Resources */,
				F8E8F211238313B3001D3AB2 /* Assets.xcassets in Resources */,
				F8E8F20F238313B2001D3AB2 /* Main.storyboard in Resources */,
			);
			runOnlyForDeploymentPostprocessing = 0;
		};
		F8E8F21D23836BD3001D3AB2 /* Resources */ = {
			isa = PBXResourcesBuildPhase;
			buildActionMask = 2147483647;
			files = (
			);
			runOnlyForDeploymentPostprocessing = 0;
		};
/* End PBXResourcesBuildPhase section */

/* Begin PBXSourcesBuildPhase section */
		F8E8F200238313B2001D3AB2 /* Sources */ = {
			isa = PBXSourcesBuildPhase;
			buildActionMask = 2147483647;
			files = (
				F8E8F20C238313B2001D3AB2 /* PhoneVC.swift in Sources */,
				F8E8F208238313B2001D3AB2 /* AppDelegate.swift in Sources */,
				F8D9D99A2387479C002F652C /* PhoneTextField.swift in Sources */,
			);
			runOnlyForDeploymentPostprocessing = 0;
		};
		F8E8F21B23836BD3001D3AB2 /* Sources */ = {
			isa = PBXSourcesBuildPhase;
			buildActionMask = 2147483647;
			files = (
				F899EB6D23876088004570C7 /* PhoneTextFieldTests.swift in Sources */,
			);
			runOnlyForDeploymentPostprocessing = 0;
		};
/* End PBXSourcesBuildPhase section */

/* Begin PBXTargetDependency section */
		F8E8F22523836BD3001D3AB2 /* PBXTargetDependency */ = {
			isa = PBXTargetDependency;
			target = F8E8F203238313B2001D3AB2 /* phoneNumberLab */;
			targetProxy = F8E8F22423836BD3001D3AB2 /* PBXContainerItemProxy */;
		};
/* End PBXTargetDependency section */

/* Begin PBXVariantGroup section */
		F8E8F20D238313B2001D3AB2 /* Main.storyboard */ = {
			isa = PBXVariantGroup;
			children = (
				F8E8F20E238313B2001D3AB2 /* Base */,
			);
			name = Main.storyboard;
			sourceTree = "<group>";
		};
		F8E8F212238313B3001D3AB2 /* LaunchScreen.storyboard */ = {
			isa = PBXVariantGroup;
			children = (
				F8E8F213238313B3001D3AB2 /* Base */,
			);
			name = LaunchScreen.storyboard;
			sourceTree = "<group>";
		};
/* End PBXVariantGroup section */

/* Begin XCBuildConfiguration section */
		F8E8F216238313B3001D3AB2 /* Debug */ = {
			isa = XCBuildConfiguration;
			buildSettings = {
				ALWAYS_SEARCH_USER_PATHS = NO;
				CLANG_ANALYZER_NONNULL = YES;
				CLANG_ANALYZER_NUMBER_OBJECT_CONVERSION = YES_AGGRESSIVE;
				CLANG_CXX_LANGUAGE_STANDARD = "gnu++14";
				CLANG_CXX_LIBRARY = "libc++";
				CLANG_ENABLE_MODULES = YES;
				CLANG_ENABLE_OBJC_ARC = YES;
				CLANG_ENABLE_OBJC_WEAK = YES;
				CLANG_WARN_BLOCK_CAPTURE_AUTORELEASING = YES;
				CLANG_WARN_BOOL_CONVERSION = YES;
				CLANG_WARN_COMMA = YES;
				CLANG_WARN_CONSTANT_CONVERSION = YES;
				CLANG_WARN_DEPRECATED_OBJC_IMPLEMENTATIONS = YES;
				CLANG_WARN_DIRECT_OBJC_ISA_USAGE = YES_ERROR;
				CLANG_WARN_DOCUMENTATION_COMMENTS = YES;
				CLANG_WARN_EMPTY_BODY = YES;
				CLANG_WARN_ENUM_CONVERSION = YES;
				CLANG_WARN_INFINITE_RECURSION = YES;
				CLANG_WARN_INT_CONVERSION = YES;
				CLANG_WARN_NON_LITERAL_NULL_CONVERSION = YES;
				CLANG_WARN_OBJC_IMPLICIT_RETAIN_SELF = YES;
				CLANG_WARN_OBJC_LITERAL_CONVERSION = YES;
				CLANG_WARN_OBJC_ROOT_CLASS = YES_ERROR;
				CLANG_WARN_RANGE_LOOP_ANALYSIS = YES;
				CLANG_WARN_STRICT_PROTOTYPES = YES;
				CLANG_WARN_SUSPICIOUS_MOVE = YES;
				CLANG_WARN_UNGUARDED_AVAILABILITY = YES_AGGRESSIVE;
				CLANG_WARN_UNREACHABLE_CODE = YES;
				CLANG_WARN__DUPLICATE_METHOD_MATCH = YES;
				CODE_SIGN_IDENTITY = "iPhone Developer";
				COPY_PHASE_STRIP = NO;
				DEBUG_INFORMATION_FORMAT = dwarf;
				ENABLE_STRICT_OBJC_MSGSEND = YES;
				ENABLE_TESTABILITY = YES;
				GCC_C_LANGUAGE_STANDARD = gnu11;
				GCC_DYNAMIC_NO_PIC = NO;
				GCC_NO_COMMON_BLOCKS = YES;
				GCC_OPTIMIZATION_LEVEL = 0;
				GCC_PREPROCESSOR_DEFINITIONS = (
					"DEBUG=1",
					"$(inherited)",
				);
				GCC_WARN_64_TO_32_BIT_CONVERSION = YES;
				GCC_WARN_ABOUT_RETURN_TYPE = YES_ERROR;
				GCC_WARN_UNDECLARED_SELECTOR = YES;
				GCC_WARN_UNINITIALIZED_AUTOS = YES_AGGRESSIVE;
				GCC_WARN_UNUSED_FUNCTION = YES;
				GCC_WARN_UNUSED_VARIABLE = YES;
				IPHONEOS_DEPLOYMENT_TARGET = 12.4;
				MTL_ENABLE_DEBUG_INFO = INCLUDE_SOURCE;
				MTL_FAST_MATH = YES;
				ONLY_ACTIVE_ARCH = YES;
				SDKROOT = iphoneos;
				SWIFT_ACTIVE_COMPILATION_CONDITIONS = DEBUG;
				SWIFT_OPTIMIZATION_LEVEL = "-Onone";
			};
			name = Debug;
		};
		F8E8F217238313B3001D3AB2 /* Release */ = {
			isa = XCBuildConfiguration;
			buildSettings = {
				ALWAYS_SEARCH_USER_PATHS = NO;
				CLANG_ANALYZER_NONNULL = YES;
				CLANG_ANALYZER_NUMBER_OBJECT_CONVERSION = YES_AGGRESSIVE;
				CLANG_CXX_LANGUAGE_STANDARD = "gnu++14";
				CLANG_CXX_LIBRARY = "libc++";
				CLANG_ENABLE_MODULES = YES;
				CLANG_ENABLE_OBJC_ARC = YES;
				CLANG_ENABLE_OBJC_WEAK = YES;
				CLANG_WARN_BLOCK_CAPTURE_AUTORELEASING = YES;
				CLANG_WARN_BOOL_CONVERSION = YES;
				CLANG_WARN_COMMA = YES;
				CLANG_WARN_CONSTANT_CONVERSION = YES;
				CLANG_WARN_DEPRECATED_OBJC_IMPLEMENTATIONS = YES;
				CLANG_WARN_DIRECT_OBJC_ISA_USAGE = YES_ERROR;
				CLANG_WARN_DOCUMENTATION_COMMENTS = YES;
				CLANG_WARN_EMPTY_BODY = YES;
				CLANG_WARN_ENUM_CONVERSION = YES;
				CLANG_WARN_INFINITE_RECURSION = YES;
				CLANG_WARN_INT_CONVERSION = YES;
				CLANG_WARN_NON_LITERAL_NULL_CONVERSION = YES;
				CLANG_WARN_OBJC_IMPLICIT_RETAIN_SELF = YES;
				CLANG_WARN_OBJC_LITERAL_CONVERSION = YES;
				CLANG_WARN_OBJC_ROOT_CLASS = YES_ERROR;
				CLANG_WARN_RANGE_LOOP_ANALYSIS = YES;
				CLANG_WARN_STRICT_PROTOTYPES = YES;
				CLANG_WARN_SUSPICIOUS_MOVE = YES;
				CLANG_WARN_UNGUARDED_AVAILABILITY = YES_AGGRESSIVE;
				CLANG_WARN_UNREACHABLE_CODE = YES;
				CLANG_WARN__DUPLICATE_METHOD_MATCH = YES;
				CODE_SIGN_IDENTITY = "iPhone Developer";
				COPY_PHASE_STRIP = NO;
				DEBUG_INFORMATION_FORMAT = "dwarf-with-dsym";
				ENABLE_NS_ASSERTIONS = NO;
				ENABLE_STRICT_OBJC_MSGSEND = YES;
				GCC_C_LANGUAGE_STANDARD = gnu11;
				GCC_NO_COMMON_BLOCKS = YES;
				GCC_WARN_64_TO_32_BIT_CONVERSION = YES;
				GCC_WARN_ABOUT_RETURN_TYPE = YES_ERROR;
				GCC_WARN_UNDECLARED_SELECTOR = YES;
				GCC_WARN_UNINITIALIZED_AUTOS = YES_AGGRESSIVE;
				GCC_WARN_UNUSED_FUNCTION = YES;
				GCC_WARN_UNUSED_VARIABLE = YES;
				IPHONEOS_DEPLOYMENT_TARGET = 12.4;
				MTL_ENABLE_DEBUG_INFO = NO;
				MTL_FAST_MATH = YES;
				SDKROOT = iphoneos;
				SWIFT_COMPILATION_MODE = wholemodule;
				SWIFT_OPTIMIZATION_LEVEL = "-O";
				VALIDATE_PRODUCT = YES;
			};
			name = Release;
		};
		F8E8F219238313B3001D3AB2 /* Debug */ = {
			isa = XCBuildConfiguration;
			buildSettings = {
				ASSETCATALOG_COMPILER_APPICON_NAME = AppIcon;
				CODE_SIGN_IDENTITY = "iPhone Distribution";
				CODE_SIGN_STYLE = Manual;
				DEVELOPMENT_TEAM = 798DADU24X;
				INFOPLIST_FILE = phoneNumberLab/Info.plist;
				LD_RUNPATH_SEARCH_PATHS = (
					"$(inherited)",
					"@executable_path/Frameworks",
				);
				PRODUCT_BUNDLE_IDENTIFIER = com.unionbank.phoneNumberLab;
				PRODUCT_NAME = "$(TARGET_NAME)";
				PROVISIONING_PROFILE_SPECIFIER = "UB Enterprise In House Wild Card Provision Profile";
				SWIFT_VERSION = 5.0;
				TARGETED_DEVICE_FAMILY = "1,2";
			};
			name = Debug;
		};
		F8E8F21A238313B3001D3AB2 /* Release */ = {
			isa = XCBuildConfiguration;
			buildSettings = {
				ASSETCATALOG_COMPILER_APPICON_NAME = AppIcon;
				CODE_SIGN_IDENTITY = "iPhone Distribution";
				CODE_SIGN_STYLE = Manual;
				DEVELOPMENT_TEAM = 798DADU24X;
				INFOPLIST_FILE = phoneNumberLab/Info.plist;
				LD_RUNPATH_SEARCH_PATHS = (
					"$(inherited)",
					"@executable_path/Frameworks",
				);
				PRODUCT_BUNDLE_IDENTIFIER = com.unionbank.phoneNumberLab;
				PRODUCT_NAME = "$(TARGET_NAME)";
				PROVISIONING_PROFILE_SPECIFIER = "UB Enterprise In House Wild Card Provision Profile";
				SWIFT_VERSION = 5.0;
				TARGETED_DEVICE_FAMILY = "1,2";
			};
			name = Release;
		};
		F8E8F22723836BD3001D3AB2 /* Debug */ = {
			isa = XCBuildConfiguration;
			buildSettings = {
				BUNDLE_LOADER = "$(TEST_HOST)";
				CODE_SIGN_STYLE = Automatic;
				DEVELOPMENT_TEAM = 798DADU24X;
				INFOPLIST_FILE = phoneNumberLabTests/Info.plist;
				LD_RUNPATH_SEARCH_PATHS = (
					"$(inherited)",
					"@executable_path/Frameworks",
					"@loader_path/Frameworks",
				);
				PRODUCT_BUNDLE_IDENTIFIER = com.unionbank.phoneNumberLabTests;
				PRODUCT_NAME = "$(TARGET_NAME)";
				SWIFT_VERSION = 5.0;
				TARGETED_DEVICE_FAMILY = "1,2";
				TEST_HOST = "$(BUILT_PRODUCTS_DIR)/phoneNumberLab.app/phoneNumberLab";
			};
			name = Debug;
		};
		F8E8F22823836BD3001D3AB2 /* Release */ = {
			isa = XCBuildConfiguration;
			buildSettings = {
				BUNDLE_LOADER = "$(TEST_HOST)";
				CODE_SIGN_STYLE = Automatic;
				DEVELOPMENT_TEAM = 798DADU24X;
				INFOPLIST_FILE = phoneNumberLabTests/Info.plist;
				LD_RUNPATH_SEARCH_PATHS = (
					"$(inherited)",
					"@executable_path/Frameworks",
					"@loader_path/Frameworks",
				);
				PRODUCT_BUNDLE_IDENTIFIER = com.unionbank.phoneNumberLabTests;
				PRODUCT_NAME = "$(TARGET_NAME)";
				SWIFT_VERSION = 5.0;
				TARGETED_DEVICE_FAMILY = "1,2";
				TEST_HOST = "$(BUILT_PRODUCTS_DIR)/phoneNumberLab.app/phoneNumberLab";
			};
			name = Release;
		};
/* End XCBuildConfiguration section */

/* Begin XCConfigurationList section */
		F8E8F1FF238313B2001D3AB2 /* Build configuration list for PBXProject "phoneNumberLab" */ = {
			isa = XCConfigurationList;
			buildConfigurations = (
				F8E8F216238313B3001D3AB2 /* Debug */,
				F8E8F217238313B3001D3AB2 /* Release */,
			);
			defaultConfigurationIsVisible = 0;
			defaultConfigurationName = Release;
		};
		F8E8F218238313B3001D3AB2 /* Build configuration list for PBXNativeTarget "phoneNumberLab" */ = {
			isa = XCConfigurationList;
			buildConfigurations = (
				F8E8F219238313B3001D3AB2 /* Debug */,
				F8E8F21A238313B3001D3AB2 /* Release */,
			);
			defaultConfigurationIsVisible = 0;
			defaultConfigurationName = Release;
		};
		F8E8F22623836BD3001D3AB2 /* Build configuration list for PBXNativeTarget "phoneNumberLabTests" */ = {
			isa = XCConfigurationList;
			buildConfigurations = (
				F8E8F22723836BD3001D3AB2 /* Debug */,
				F8E8F22823836BD3001D3AB2 /* Release */,
			);
			defaultConfigurationIsVisible = 0;
			defaultConfigurationName = Release;
		};
/* End XCConfigurationList section */
	};
	rootObject = F8E8F1FC238313B2001D3AB2 /* Project object */;
}
